{
  "name": "e-keuangan",
  "lockfileVersion": 3,
  "requires": true,
  "packages": {
    "": {
      "dependencies": {
        "cdbootstrap": "^1.3.4"
      }
    },
    "node_modules/cdbootstrap": {
      "version": "1.3.4",
      "resolved": "https://registry.npmjs.org/cdbootstrap/-/cdbootstrap-1.3.4.tgz",
      "integrity": "sha512-CKex0dqMTuEoLyiJwzOZw5R3ggN198ELfaNXTtLE/vDeR4w7scDVeBm3eQ5SUETvRfMMmGYzlbbfERdHIsCqvA=="
    }
  }
}
